
Microsoft Visual Studio Solution File, Format Version 12.00
# Visual Studio 15
VisualStudioVersion = 15.0.27703.2026
MinimumVisualStudioVersion = 10.0.40219.1
Project("{FAE04EC0-301F-11D3-BF4B-00C04F79EFBC}") = "XFLocalization.Android", "XFLocalization\XFLocalization.Android\XFLocalization.Android.csproj", "{6413E07A-107A-4C8C-8D01-D88A06DE5827}"
EndProject
Project("{FAE04EC0-301F-11D3-BF4B-00C04F79EFBC}") = "XFLocalization.iOS", "XFLocalization\XFLocalization.iOS\XFLocalization.iOS.csproj", "{DCF263F1-DBCC-4B57-AC8D-B7EE98F77C36}"
EndProject
Project("{FAE04EC0-301F-11D3-BF4B-00C04F79EFBC}") = "XFLocalization.UWP", "XFLocalization\XFLocalization.UWP\XFLocalization.UWP.csproj", "{60C74BD8-8251-4976-A40A-3397B128B64D}"
EndProject
Project("{FAE04EC0-301F-11D3-BF4B-00C04F79EFBC}") = "XFLocalization", "XFLocalization\XFLocalization\XFLocalization.csproj", "{AC5D7018-052F-4882-9A75-9B65AE4803CF}"
EndProject
Global
	GlobalSection(SolutionConfigurationPlatforms) = preSolution
		Ad-Hoc|Any CPU = Ad-Hoc|Any CPU
		Ad-Hoc|ARM = Ad-Hoc|ARM
		Ad-Hoc|iPhone = Ad-Hoc|iPhone
		Ad-Hoc|iPhoneSimulator = Ad-Hoc|iPhoneSimulator
		Ad-Hoc|x64 = Ad-Hoc|x64
		Ad-Hoc|x86 = Ad-Hoc|x86
		AppStore|Any CPU = AppStore|Any CPU
		AppStore|ARM = AppStore|ARM
		AppStore|iPhone = AppStore|iPhone
		AppStore|iPhoneSimulator = AppStore|iPhoneSimulator
		AppStore|x64 = AppStore|x64
		AppStore|x86 = AppStore|x86
		Debug|Any CPU = Debug|Any CPU
		Debug|ARM = Debug|ARM
		Debug|iPhone = Debug|iPhone
		Debug|iPhoneSimulator = Debug|iPhoneSimulator
		Debug|x64 = Debug|x64
		Debug|x86 = Debug|x86
		Release|Any CPU = Release|Any CPU
		Release|ARM = Release|ARM
		Release|iPhone = Release|iPhone
		Release|iPhoneSimulator = Release|iPhoneSimulator
		Release|x64 = Release|x64
		Release|x86 = Release|x86
	EndGlobalSection
	GlobalSection(ProjectConfigurationPlatforms) = postSolution
		{6413E07A-107A-4C8C-8D01-D88A06DE5827}.Ad-Hoc|Any CPU.ActiveCfg = Release|Any CPU
		{6413E07A-107A-4C8C-8D01-D88A06DE5827}.Ad-Hoc|Any CPU.Build.0 = Release|Any CPU
		{6413E07A-107A-4C8C-8D01-D88A06DE5827}.Ad-Hoc|Any CPU.Deploy.0 = Release|Any CPU
		{6413E07A-107A-4C8C-8D01-D88A06DE5827}.Ad-Hoc|ARM.ActiveCfg = Release|Any CPU
		{6413E07A-107A-4C8C-8D01-D88A06DE5827}.Ad-Hoc|ARM.Build.0 = Release|Any CPU
		{6413E07A-107A-4C8C-8D01-D88A06DE5827}.Ad-Hoc|ARM.Deploy.0 = Release|Any CPU
		{6413E07A-107A-4C8C-8D01-D88A06DE5827}.Ad-Hoc|iPhone.ActiveCfg = Release|Any CPU
		{6413E07A-107A-4C8C-8D01-D88A06DE5827}.Ad-Hoc|iPhone.Build.0 = Release|Any CPU
		{6413E07A-107A-4C8C-8D01-D88A06DE5827}.Ad-Hoc|iPhone.Deploy.0 = Release|Any CPU
		{6413E07A-107A-4C8C-8D01-D88A06DE5827}.Ad-Hoc|iPhoneSimulator.ActiveCfg = Release|Any CPU
		{6413E07A-107A-4C8C-8D01-D88A06DE5827}.Ad-Hoc|iPhoneSimulator.Build.0 = Release|Any CPU
		{6413E07A-107A-4C8C-8D01-D88A06DE5827}.Ad-Hoc|iPhoneSimulator.Deploy.0 = Release|Any CPU
		{6413E07A-107A-4C8C-8D01-D88A06DE5827}.Ad-Hoc|x64.ActiveCfg = Release|Any CPU
		{6413E07A-107A-4C8C-8D01-D88A06DE5827}.Ad-Hoc|x64.Build.0 = Release|Any CPU
		{6413E07A-107A-4C8C-8D01-D88A06DE5827}.Ad-Hoc|x64.Deploy.0 = Release|Any CPU
		{6413E07A-107A-4C8C-8D01-D88A06DE5827}.Ad-Hoc|x86.ActiveCfg = Release|Any CPU
		{6413E07A-107A-4C8C-8D01-D88A06DE5827}.Ad-Hoc|x86.Build.0 = Release|Any CPU
		{6413E07A-107A-4C8C-8D01-D88A06DE5827}.Ad-Hoc|x86.Deploy.0 = Release|Any CPU
		{6413E07A-107A-4C8C-8D01-D88A06DE5827}.AppStore|Any CPU.ActiveCfg = Release|Any CPU
		{6413E07A-107A-4C8C-8D01-D88A06DE5827}.AppStore|Any CPU.Build.0 = Release|Any CPU
		{6413E07A-107A-4C8C-8D01-D88A06DE5827}.AppStore|Any CPU.Deploy.0 = Release|Any CPU
		{6413E07A-107A-4C8C-8D01-D88A06DE5827}.AppStore|ARM.ActiveCfg = Release|Any CPU
		{6413E07A-107A-4C8C-8D01-D88A06DE5827}.AppStore|ARM.Build.0 = Release|Any CPU
		{6413E07A-107A-4C8C-8D01-D88A06DE5827}.AppStore|ARM.Deploy.0 = Release|Any CPU
		{6413E07A-107A-4C8C-8D01-D88A06DE5827}.AppStore|iPhone.ActiveCfg = Release|Any CPU
		{6413E07A-107A-4C8C-8D01-D88A06DE5827}.AppStore|iPhone.Build.0 = Release|Any CPU
		{6413E07A-107A-4C8C-8D01-D88A06DE5827}.AppStore|iPhone.Deploy.0 = Release|Any CPU
		{6413E07A-107A-4C8C-8D01-D88A06DE5827}.AppStore|iPhoneSimulator.ActiveCfg = Release|Any CPU
		{6413E07A-107A-4C8C-8D01-D88A06DE5827}.AppStore|iPhoneSimulator.Build.0 = Release|Any CPU
		{6413E07A-107A-4C8C-8D01-D88A06DE5827}.AppStore|iPhoneSimulator.Deploy.0 = Release|Any CPU
		{6413E07A-107A-4C8C-8D01-D88A06DE5827}.AppStore|x64.ActiveCfg = Release|Any CPU
		{6413E07A-107A-4C8C-8D01-D88A06DE5827}.AppStore|x64.Build.0 = Release|Any CPU
		{6413E07A-107A-4C8C-8D01-D88A06DE5827}.AppStore|x64.Deploy.0 = Release|Any CPU
		{6413E07A-107A-4C8C-8D01-D88A06DE5827}.AppStore|x86.ActiveCfg = Release|Any CPU
		{6413E07A-107A-4C8C-8D01-D88A06DE5827}.AppStore|x86.Build.0 = Release|Any CPU
		{6413E07A-107A-4C8C-8D01-D88A06DE5827}.AppStore|x86.Deploy.0 = Release|Any CPU
		{6413E07A-107A-4C8C-8D01-D88A06DE5827}.Debug|Any CPU.ActiveCfg = Debug|Any CPU
		{6413E07A-107A-4C8C-8D01-D88A06DE5827}.Debug|Any CPU.Build.0 = Debug|Any CPU
		{6413E07A-107A-4C8C-8D01-D88A06DE5827}.Debug|Any CPU.Deploy.0 = Debug|Any CPU
		{6413E07A-107A-4C8C-8D01-D88A06DE5827}.Debug|ARM.ActiveCfg = Debug|Any CPU
		{6413E07A-107A-4C8C-8D01-D88A06DE5827}.Debug|ARM.Build.0 = Debug|Any CPU
		{6413E07A-107A-4C8C-8D01-D88A06DE5827}.Debug|ARM.Deploy.0 = Debug|Any CPU
		{6413E07A-107A-4C8C-8D01-D88A06DE5827}.Debug|iPhone.ActiveCfg = Debug|Any CPU
		{6413E07A-107A-4C8C-8D01-D88A06DE5827}.Debug|iPhone.Build.0 = Debug|Any CPU
		{6413E07A-107A-4C8C-8D01-D88A06DE5827}.Debug|iPhone.Deploy.0 = Debug|Any CPU
		{6413E07A-107A-4C8C-8D01-D88A06DE5827}.Debug|iPhoneSimulator.ActiveCfg = Debug|Any CPU
		{6413E07A-107A-4C8C-8D01-D88A06DE5827}.Debug|iPhoneSimulator.Build.0 = Debug|Any CPU
		{6413E07A-107A-4C8C-8D01-D88A06DE5827}.Debug|iPhoneSimulator.Deploy.0 = Debug|Any CPU
		{6413E07A-107A-4C8C-8D01-D88A06DE5827}.Debug|x64.ActiveCfg = Debug|Any CPU
		{6413E07A-107A-4C8C-8D01-D88A06DE5827}.Debug|x64.Build.0 = Debug|Any CPU
		{6413E07A-107A-4C8C-8D01-D88A06DE5827}.Debug|x64.Deploy.0 = Debug|Any CPU
		{6413E07A-107A-4C8C-8D01-D88A06DE5827}.Debug|x86.ActiveCfg = Debug|Any CPU
		{6413E07A-107A-4C8C-8D01-D88A06DE5827}.Debug|x86.Build.0 = Debug|Any CPU
		{6413E07A-107A-4C8C-8D01-D88A06DE5827}.Debug|x86.Deploy.0 = Debug|Any CPU
		{6413E07A-107A-4C8C-8D01-D88A06DE5827}.Release|Any CPU.ActiveCfg = Release|Any CPU
		{6413E07A-107A-4C8C-8D01-D88A06DE5827}.Release|Any CPU.Build.0 = Release|Any CPU
		{6413E07A-107A-4C8C-8D01-D88A06DE5827}.Release|Any CPU.Deploy.0 = Release|Any CPU
		{6413E07A-107A-4C8C-8D01-D88A06DE5827}.Release|ARM.ActiveCfg = Release|Any CPU
		{6413E07A-107A-4C8C-8D01-D88A06DE5827}.Release|ARM.Build.0 = Release|Any CPU
		{6413E07A-107A-4C8C-8D01-D88A06DE5827}.Release|ARM.Deploy.0 = Release|Any CPU
		{6413E07A-107A-4C8C-8D01-D88A06DE5827}.Release|iPhone.ActiveCfg = Release|Any CPU
		{6413E07A-107A-4C8C-8D01-D88A06DE5827}.Release|iPhone.Build.0 = Release|Any CPU
		{6413E07A-107A-4C8C-8D01-D88A06DE5827}.Release|iPhone.Deploy.0 = Release|Any CPU
		{6413E07A-107A-4C8C-8D01-D88A06DE5827}.Release|iPhoneSimulator.ActiveCfg = Release|Any CPU
		{6413E07A-107A-4C8C-8D01-D88A06DE5827}.Release|iPhoneSimulator.Build.0 = Release|Any CPU
		{6413E07A-107A-4C8C-8D01-D88A06DE5827}.Release|iPhoneSimulator.Deploy.0 = Release|Any CPU
		{6413E07A-107A-4C8C-8D01-D88A06DE5827}.Release|x64.ActiveCfg = Release|Any CPU
		{6413E07A-107A-4C8C-8D01-D88A06DE5827}.Release|x64.Build.0 = Release|Any CPU
		{6413E07A-107A-4C8C-8D01-D88A06DE5827}.Release|x64.Deploy.0 = Release|Any CPU
		{6413E07A-107A-4C8C-8D01-D88A06DE5827}.Release|x86.ActiveCfg = Release|Any CPU
		{6413E07A-107A-4C8C-8D01-D88A06DE5827}.Release|x86.Build.0 = Release|Any CPU
		{6413E07A-107A-4C8C-8D01-D88A06DE5827}.Release|x86.Deploy.0 = Release|Any CPU
		{DCF263F1-DBCC-4B57-AC8D-B7EE98F77C36}.Ad-Hoc|Any CPU.ActiveCfg = Ad-Hoc|iPhone
		{DCF263F1-DBCC-4B57-AC8D-B7EE98F77C36}.Ad-Hoc|Any CPU.Build.0 = Ad-Hoc|iPhone
		{DCF263F1-DBCC-4B57-AC8D-B7EE98F77C36}.Ad-Hoc|Any CPU.Deploy.0 = Ad-Hoc|iPhone
		{DCF263F1-DBCC-4B57-AC8D-B7EE98F77C36}.Ad-Hoc|ARM.ActiveCfg = Ad-Hoc|iPhone
		{DCF263F1-DBCC-4B57-AC8D-B7EE98F77C36}.Ad-Hoc|ARM.Build.0 = Ad-Hoc|iPhone
		{DCF263F1-DBCC-4B57-AC8D-B7EE98F77C36}.Ad-Hoc|ARM.Deploy.0 = Ad-Hoc|iPhone
		{DCF263F1-DBCC-4B57-AC8D-B7EE98F77C36}.Ad-Hoc|iPhone.ActiveCfg = Ad-Hoc|iPhone
		{DCF263F1-DBCC-4B57-AC8D-B7EE98F77C36}.Ad-Hoc|iPhone.Build.0 = Ad-Hoc|iPhone
		{DCF263F1-DBCC-4B57-AC8D-B7EE98F77C36}.Ad-Hoc|iPhone.Deploy.0 = Ad-Hoc|iPhone
		{DCF263F1-DBCC-4B57-AC8D-B7EE98F77C36}.Ad-Hoc|iPhoneSimulator.ActiveCfg = Ad-Hoc|iPhoneSimulator
		{DCF263F1-DBCC-4B57-AC8D-B7EE98F77C36}.Ad-Hoc|iPhoneSimulator.Build.0 = Ad-Hoc|iPhoneSimulator
		{DCF263F1-DBCC-4B57-AC8D-B7EE98F77C36}.Ad-Hoc|iPhoneSimulator.Deploy.0 = Ad-Hoc|iPhoneSimulator
		{DCF263F1-DBCC-4B57-AC8D-B7EE98F77C36}.Ad-Hoc|x64.ActiveCfg = Ad-Hoc|iPhone
		{DCF263F1-DBCC-4B57-AC8D-B7EE98F77C36}.Ad-Hoc|x64.Build.0 = Ad-Hoc|iPhone
		{DCF263F1-DBCC-4B57-AC8D-B7EE98F77C36}.Ad-Hoc|x64.Deploy.0 = Ad-Hoc|iPhone
		{DCF263F1-DBCC-4B57-AC8D-B7EE98F77C36}.Ad-Hoc|x86.ActiveCfg = Ad-Hoc|iPhone
		{DCF263F1-DBCC-4B57-AC8D-B7EE98F77C36}.Ad-Hoc|x86.Build.0 = Ad-Hoc|iPhone
		{DCF263F1-DBCC-4B57-AC8D-B7EE98F77C36}.Ad-Hoc|x86.Deploy.0 = Ad-Hoc|iPhone
		{DCF263F1-DBCC-4B57-AC8D-B7EE98F77C36}.AppStore|Any CPU.ActiveCfg = AppStore|iPhone
		{DCF263F1-DBCC-4B57-AC8D-B7EE98F77C36}.AppStore|Any CPU.Build.0 = AppStore|iPhone
		{DCF263F1-DBCC-4B57-AC8D-B7EE98F77C36}.AppStore|Any CPU.Deploy.0 = AppStore|iPhone
		{DCF263F1-DBCC-4B57-AC8D-B7EE98F77C36}.AppStore|ARM.ActiveCfg = AppStore|iPhone
		{DCF263F1-DBCC-4B57-AC8D-B7EE98F77C36}.AppStore|ARM.Build.0 = AppStore|iPhone
		{DCF263F1-DBCC-4B57-AC8D-B7EE98F77C36}.AppStore|ARM.Deploy.0 = AppStore|iPhone
		{DCF263F1-DBCC-4B57-AC8D-B7EE98F77C36}.AppStore|iPhone.ActiveCfg = AppStore|iPhone
		{DCF263F1-DBCC-4B57-AC8D-B7EE98F77C36}.AppStore|iPhone.Build.0 = AppStore|iPhone
		{DCF263F1-DBCC-4B57-AC8D-B7EE98F77C36}.AppStore|iPhone.Deploy.0 = AppStore|iPhone
		{DCF263F1-DBCC-4B57-AC8D-B7EE98F77C36}.AppStore|iPhoneSimulator.ActiveCfg = AppStore|iPhoneSimulator
		{DCF263F1-DBCC-4B57-AC8D-B7EE98F77C36}.AppStore|iPhoneSimulator.Build.0 = AppStore|iPhoneSimulator
		{DCF263F1-DBCC-4B57-AC8D-B7EE98F77C36}.AppStore|iPhoneSimulator.Deploy.0 = AppStore|iPhoneSimulator
		{DCF263F1-DBCC-4B57-AC8D-B7EE98F77C36}.AppStore|x64.ActiveCfg = AppStore|iPhone
		{DCF263F1-DBCC-4B57-AC8D-B7EE98F77C36}.AppStore|x64.Build.0 = AppStore|iPhone
		{DCF263F1-DBCC-4B57-AC8D-B7EE98F77C36}.AppStore|x64.Deploy.0 = AppStore|iPhone
		{DCF263F1-DBCC-4B57-AC8D-B7EE98F77C36}.AppStore|x86.ActiveCfg = AppStore|iPhone
		{DCF263F1-DBCC-4B57-AC8D-B7EE98F77C36}.AppStore|x86.Build.0 = AppStore|iPhone
		{DCF263F1-DBCC-4B57-AC8D-B7EE98F77C36}.AppStore|x86.Deploy.0 = AppStore|iPhone
		{DCF263F1-DBCC-4B57-AC8D-B7EE98F77C36}.Debug|Any CPU.ActiveCfg = Debug|iPhoneSimulator
		{DCF263F1-DBCC-4B57-AC8D-B7EE98F77C36}.Debug|Any CPU.Build.0 = Debug|iPhoneSimulator
		{DCF263F1-DBCC-4B57-AC8D-B7EE98F77C36}.Debug|Any CPU.Deploy.0 = Debug|iPhoneSimulator
		{DCF263F1-DBCC-4B57-AC8D-B7EE98F77C36}.Debug|ARM.ActiveCfg = Debug|iPhone
		{DCF263F1-DBCC-4B57-AC8D-B7EE98F77C36}.Debug|ARM.Build.0 = Debug|iPhone
		{DCF263F1-DBCC-4B57-AC8D-B7EE98F77C36}.Debug|ARM.Deploy.0 = Debug|iPhone
		{DCF263F1-DBCC-4B57-AC8D-B7EE98F77C36}.Debug|iPhone.ActiveCfg = Debug|iPhone
		{DCF263F1-DBCC-4B57-AC8D-B7EE98F77C36}.Debug|iPhone.Build.0 = Debug|iPhone
		{DCF263F1-DBCC-4B57-AC8D-B7EE98F77C36}.Debug|iPhone.Deploy.0 = Debug|iPhone
		{DCF263F1-DBCC-4B57-AC8D-B7EE98F77C36}.Debug|iPhoneSimulator.ActiveCfg = Debug|iPhoneSimulator
		{DCF263F1-DBCC-4B57-AC8D-B7EE98F77C36}.Debug|iPhoneSimulator.Build.0 = Debug|iPhoneSimulator
		{DCF263F1-DBCC-4B57-AC8D-B7EE98F77C36}.Debug|iPhoneSimulator.Deploy.0 = Debug|iPhoneSimulator
		{DCF263F1-DBCC-4B57-AC8D-B7EE98F77C36}.Debug|x64.ActiveCfg = Debug|iPhone
		{DCF263F1-DBCC-4B57-AC8D-B7EE98F77C36}.Debug|x64.Build.0 = Debug|iPhone
		{DCF263F1-DBCC-4B57-AC8D-B7EE98F77C36}.Debug|x64.Deploy.0 = Debug|iPhone
		{DCF263F1-DBCC-4B57-AC8D-B7EE98F77C36}.Debug|x86.ActiveCfg = Debug|iPhone
		{DCF263F1-DBCC-4B57-AC8D-B7EE98F77C36}.Debug|x86.Build.0 = Debug|iPhone
		{DCF263F1-DBCC-4B57-AC8D-B7EE98F77C36}.Debug|x86.Deploy.0 = Debug|iPhone
		{DCF263F1-DBCC-4B57-AC8D-B7EE98F77C36}.Release|Any CPU.ActiveCfg = Release|iPhone
		{DCF263F1-DBCC-4B57-AC8D-B7EE98F77C36}.Release|Any CPU.Build.0 = Release|iPhone
		{DCF263F1-DBCC-4B57-AC8D-B7EE98F77C36}.Release|Any CPU.Deploy.0 = Release|iPhone
		{DCF263F1-DBCC-4B57-AC8D-B7EE98F77C36}.Release|ARM.ActiveCfg = Release|iPhone
		{DCF263F1-DBCC-4B57-AC8D-B7EE98F77C36}.Release|ARM.Build.0 = Release|iPhone
		{DCF263F1-DBCC-4B57-AC8D-B7EE98F77C36}.Release|ARM.Deploy.0 = Release|iPhone
		{DCF263F1-DBCC-4B57-AC8D-B7EE98F77C36}.Release|iPhone.ActiveCfg = Release|iPhone
		{DCF263F1-DBCC-4B57-AC8D-B7EE98F77C36}.Release|iPhone.Build.0 = Release|iPhone
		{DCF263F1-DBCC-4B57-AC8D-B7EE98F77C36}.Release|iPhone.Deploy.0 = Release|iPhone
		{DCF263F1-DBCC-4B57-AC8D-B7EE98F77C36}.Release|iPhoneSimulator.ActiveCfg = Release|iPhoneSimulator
		{DCF263F1-DBCC-4B57-AC8D-B7EE98F77C36}.Release|iPhoneSimulator.Build.0 = Release|iPhoneSimulator
		{DCF263F1-DBCC-4B57-AC8D-B7EE98F77C36}.Release|iPhoneSimulator.Deploy.0 = Release|iPhoneSimulator
		{DCF263F1-DBCC-4B57-AC8D-B7EE98F77C36}.Release|x64.ActiveCfg = Release|iPhone
		{DCF263F1-DBCC-4B57-AC8D-B7EE98F77C36}.Release|x64.Build.0 = Release|iPhone
		{DCF263F1-DBCC-4B57-AC8D-B7EE98F77C36}.Release|x64.Deploy.0 = Release|iPhone
		{DCF263F1-DBCC-4B57-AC8D-B7EE98F77C36}.Release|x86.ActiveCfg = Release|iPhone
		{DCF263F1-DBCC-4B57-AC8D-B7EE98F77C36}.Release|x86.Build.0 = Release|iPhone
		{DCF263F1-DBCC-4B57-AC8D-B7EE98F77C36}.Release|x86.Deploy.0 = Release|iPhone
		{60C74BD8-8251-4976-A40A-3397B128B64D}.Ad-Hoc|Any CPU.ActiveCfg = Release|x86
		{60C74BD8-8251-4976-A40A-3397B128B64D}.Ad-Hoc|Any CPU.Build.0 = Release|x86
		{60C74BD8-8251-4976-A40A-3397B128B64D}.Ad-Hoc|Any CPU.Deploy.0 = Release|x86
		{60C74BD8-8251-4976-A40A-3397B128B64D}.Ad-Hoc|ARM.ActiveCfg = Release|ARM
		{60C74BD8-8251-4976-A40A-3397B128B64D}.Ad-Hoc|ARM.Build.0 = Release|ARM
		{60C74BD8-8251-4976-A40A-3397B128B64D}.Ad-Hoc|ARM.Deploy.0 = Release|ARM
		{60C74BD8-8251-4976-A40A-3397B128B64D}.Ad-Hoc|iPhone.ActiveCfg = Release|x86
		{60C74BD8-8251-4976-A40A-3397B128B64D}.Ad-Hoc|iPhone.Build.0 = Release|x86
		{60C74BD8-8251-4976-A40A-3397B128B64D}.Ad-Hoc|iPhone.Deploy.0 = Release|x86
		{60C74BD8-8251-4976-A40A-3397B128B64D}.Ad-Hoc|iPhoneSimulator.ActiveCfg = Release|x86
		{60C74BD8-8251-4976-A40A-3397B128B64D}.Ad-Hoc|iPhoneSimulator.Build.0 = Release|x86
		{60C74BD8-8251-4976-A40A-3397B128B64D}.Ad-Hoc|iPhoneSimulator.Deploy.0 = Release|x86
		{60C74BD8-8251-4976-A40A-3397B128B64D}.Ad-Hoc|x64.ActiveCfg = Release|x64
		{60C74BD8-8251-4976-A40A-3397B128B64D}.Ad-Hoc|x64.Build.0 = Release|x64
		{60C74BD8-8251-4976-A40A-3397B128B64D}.Ad-Hoc|x64.Deploy.0 = Release|x64
		{60C74BD8-8251-4976-A40A-3397B128B64D}.Ad-Hoc|x86.ActiveCfg = Release|x86
		{60C74BD8-8251-4976-A40A-3397B128B64D}.Ad-Hoc|x86.Build.0 = Release|x86
		{60C74BD8-8251-4976-A40A-3397B128B64D}.Ad-Hoc|x86.Deploy.0 = Release|x86
		{60C74BD8-8251-4976-A40A-3397B128B64D}.AppStore|Any CPU.ActiveCfg = Release|x86
		{60C74BD8-8251-4976-A40A-3397B128B64D}.AppStore|Any CPU.Build.0 = Release|x86
		{60C74BD8-8251-4976-A40A-3397B128B64D}.AppStore|Any CPU.Deploy.0 = Release|x86
		{60C74BD8-8251-4976-A40A-3397B128B64D}.AppStore|ARM.ActiveCfg = Release|ARM
		{60C74BD8-8251-4976-A40A-3397B128B64D}.AppStore|ARM.Build.0 = Release|ARM
		{60C74BD8-8251-4976-A40A-3397B128B64D}.AppStore|ARM.Deploy.0 = Release|ARM
		{60C74BD8-8251-4976-A40A-3397B128B64D}.AppStore|iPhone.ActiveCfg = Release|x86
		{60C74BD8-8251-4976-A40A-3397B128B64D}.AppStore|iPhone.Build.0 = Release|x86
		{60C74BD8-8251-4976-A40A-3397B128B64D}.AppStore|iPhone.Deploy.0 = Release|x86
		{60C74BD8-8251-4976-A40A-3397B128B64D}.AppStore|iPhoneSimulator.ActiveCfg = Release|x86
		{60C74BD8-8251-4976-A40A-3397B128B64D}.AppStore|iPhoneSimulator.Build.0 = Release|x86
		{60C74BD8-8251-4976-A40A-3397B128B64D}.AppStore|iPhoneSimulator.Deploy.0 = Release|x86
		{60C74BD8-8251-4976-A40A-3397B128B64D}.AppStore|x64.ActiveCfg = Release|x64
		{60C74BD8-8251-4976-A40A-3397B128B64D}.AppStore|x64.Build.0 = Release|x64
		{60C74BD8-8251-4976-A40A-3397B128B64D}.AppStore|x64.Deploy.0 = Release|x64
		{60C74BD8-8251-4976-A40A-3397B128B64D}.AppStore|x86.ActiveCfg = Release|x86
		{60C74BD8-8251-4976-A40A-3397B128B64D}.AppStore|x86.Build.0 = Release|x86
		{60C74BD8-8251-4976-A40A-3397B128B64D}.AppStore|x86.Deploy.0 = Release|x86
		{60C74BD8-8251-4976-A40A-3397B128B64D}.Debug|Any CPU.ActiveCfg = Debug|x86
		{60C74BD8-8251-4976-A40A-3397B128B64D}.Debug|Any CPU.Build.0 = Debug|x86
		{60C74BD8-8251-4976-A40A-3397B128B64D}.Debug|Any CPU.Deploy.0 = Debug|x86
		{60C74BD8-8251-4976-A40A-3397B128B64D}.Debug|ARM.ActiveCfg = Debug|ARM
		{60C74BD8-8251-4976-A40A-3397B128B64D}.Debug|ARM.Build.0 = Debug|ARM
		{60C74BD8-8251-4976-A40A-3397B128B64D}.Debug|ARM.Deploy.0 = Debug|ARM
		{60C74BD8-8251-4976-A40A-3397B128B64D}.Debug|iPhone.ActiveCfg = Debug|x86
		{60C74BD8-8251-4976-A40A-3397B128B64D}.Debug|iPhone.Build.0 = Debug|x86
		{60C74BD8-8251-4976-A40A-3397B128B64D}.Debug|iPhone.Deploy.0 = Debug|x86
		{60C74BD8-8251-4976-A40A-3397B128B64D}.Debug|iPhoneSimulator.ActiveCfg = Debug|x86
		{60C74BD8-8251-4976-A40A-3397B128B64D}.Debug|iPhoneSimulator.Build.0 = Debug|x86
		{60C74BD8-8251-4976-A40A-3397B128B64D}.Debug|iPhoneSimulator.Deploy.0 = Debug|x86
		{60C74BD8-8251-4976-A40A-3397B128B64D}.Debug|x64.ActiveCfg = Debug|x64
		{60C74BD8-8251-4976-A40A-3397B128B64D}.Debug|x64.Build.0 = Debug|x64
		{60C74BD8-8251-4976-A40A-3397B128B64D}.Debug|x64.Deploy.0 = Debug|x64
		{60C74BD8-8251-4976-A40A-3397B128B64D}.Debug|x86.ActiveCfg = Debug|x86
		{60C74BD8-8251-4976-A40A-3397B128B64D}.Debug|x86.Build.0 = Debug|x86
		{60C74BD8-8251-4976-A40A-3397B128B64D}.Debug|x86.Deploy.0 = Debug|x86
		{60C74BD8-8251-4976-A40A-3397B128B64D}.Release|Any CPU.ActiveCfg = Release|x86
		{60C74BD8-8251-4976-A40A-3397B128B64D}.Release|Any CPU.Build.0 = Release|x86
		{60C74BD8-8251-4976-A40A-3397B128B64D}.Release|Any CPU.Deploy.0 = Release|x86
		{60C74BD8-8251-4976-A40A-3397B128B64D}.Release|ARM.ActiveCfg = Release|ARM
		{60C74BD8-8251-4976-A40A-3397B128B64D}.Release|ARM.Build.0 = Release|ARM
		{60C74BD8-8251-4976-A40A-3397B128B64D}.Release|ARM.Deploy.0 = Release|ARM
		{60C74BD8-8251-4976-A40A-3397B128B64D}.Release|iPhone.ActiveCfg = Release|x86
		{60C74BD8-8251-4976-A40A-3397B128B64D}.Release|iPhone.Build.0 = Release|x86
		{60C74BD8-8251-4976-A40A-3397B128B64D}.Release|iPhone.Deploy.0 = Release|x86
		{60C74BD8-8251-4976-A40A-3397B128B64D}.Release|iPhoneSimulator.ActiveCfg = Release|x86
		{60C74BD8-8251-4976-A40A-3397B128B64D}.Release|iPhoneSimulator.Build.0 = Release|x86
		{60C74BD8-8251-4976-A40A-3397B128B64D}.Release|iPhoneSimulator.Deploy.0 = Release|x86
		{60C74BD8-8251-4976-A40A-3397B128B64D}.Release|x64.ActiveCfg = Release|x64
		{60C74BD8-8251-4976-A40A-3397B128B64D}.Release|x64.Build.0 = Release|x64
		{60C74BD8-8251-4976-A40A-3397B128B64D}.Release|x64.Deploy.0 = Release|x64
		{60C74BD8-8251-4976-A40A-3397B128B64D}.Release|x86.ActiveCfg = Release|x86
		{60C74BD8-8251-4976-A40A-3397B128B64D}.Release|x86.Build.0 = Release|x86
		{60C74BD8-8251-4976-A40A-3397B128B64D}.Release|x86.Deploy.0 = Release|x86
		{AC5D7018-052F-4882-9A75-9B65AE4803CF}.Ad-Hoc|Any CPU.ActiveCfg = Debug|Any CPU
		{AC5D7018-052F-4882-9A75-9B65AE4803CF}.Ad-Hoc|Any CPU.Build.0 = Debug|Any CPU
		{AC5D7018-052F-4882-9A75-9B65AE4803CF}.Ad-Hoc|Any CPU.Deploy.0 = Debug|Any CPU
		{AC5D7018-052F-4882-9A75-9B65AE4803CF}.Ad-Hoc|ARM.ActiveCfg = Debug|Any CPU
		{AC5D7018-052F-4882-9A75-9B65AE4803CF}.Ad-Hoc|ARM.Build.0 = Debug|Any CPU
		{AC5D7018-052F-4882-9A75-9B65AE4803CF}.Ad-Hoc|ARM.Deploy.0 = Debug|Any CPU
		{AC5D7018-052F-4882-9A75-9B65AE4803CF}.Ad-Hoc|iPhone.ActiveCfg = Debug|Any CPU
		{AC5D7018-052F-4882-9A75-9B65AE4803CF}.Ad-Hoc|iPhone.Build.0 = Debug|Any CPU
		{AC5D7018-052F-4882-9A75-9B65AE4803CF}.Ad-Hoc|iPhone.Deploy.0 = Debug|Any CPU
		{AC5D7018-052F-4882-9A75-9B65AE4803CF}.Ad-Hoc|iPhoneSimulator.ActiveCfg = Debug|Any CPU
		{AC5D7018-052F-4882-9A75-9B65AE4803CF}.Ad-Hoc|iPhoneSimulator.Build.0 = Debug|Any CPU
		{AC5D7018-052F-4882-9A75-9B65AE4803CF}.Ad-Hoc|iPhoneSimulator.Deploy.0 = Debug|Any CPU
		{AC5D7018-052F-4882-9A75-9B65AE4803CF}.Ad-Hoc|x64.ActiveCfg = Debug|Any CPU
		{AC5D7018-052F-4882-9A75-9B65AE4803CF}.Ad-Hoc|x64.Build.0 = Debug|Any CPU
		{AC5D7018-052F-4882-9A75-9B65AE4803CF}.Ad-Hoc|x64.Deploy.0 = Debug|Any CPU
		{AC5D7018-052F-4882-9A75-9B65AE4803CF}.Ad-Hoc|x86.ActiveCfg = Debug|Any CPU
		{AC5D7018-052F-4882-9A75-9B65AE4803CF}.Ad-Hoc|x86.Build.0 = Debug|Any CPU
		{AC5D7018-052F-4882-9A75-9B65AE4803CF}.Ad-Hoc|x86.Deploy.0 = Debug|Any CPU
		{AC5D7018-052F-4882-9A75-9B65AE4803CF}.AppStore|Any CPU.ActiveCfg = Debug|Any CPU
		{AC5D7018-052F-4882-9A75-9B65AE4803CF}.AppStore|Any CPU.Build.0 = Debug|Any CPU
		{AC5D7018-052F-4882-9A75-9B65AE4803CF}.AppStore|Any CPU.Deploy.0 = Debug|Any CPU
		{AC5D7018-052F-4882-9A75-9B65AE4803CF}.AppStore|ARM.ActiveCfg = Debug|Any CPU
		{AC5D7018-052F-4882-9A75-9B65AE4803CF}.AppStore|ARM.Build.0 = Debug|Any CPU
		{AC5D7018-052F-4882-9A75-9B65AE4803CF}.AppStore|ARM.Deploy.0 = Debug|Any CPU
		{AC5D7018-052F-4882-9A75-9B65AE4803CF}.AppStore|iPhone.ActiveCfg = Debug|Any CPU
		{AC5D7018-052F-4882-9A75-9B65AE4803CF}.AppStore|iPhone.Build.0 = Debug|Any CPU
		{AC5D7018-052F-4882-9A75-9B65AE4803CF}.AppStore|iPhone.Deploy.0 = Debug|Any CPU
		{AC5D7018-052F-4882-9A75-9B65AE4803CF}.AppStore|iPhoneSimulator.ActiveCfg = Debug|Any CPU
		{AC5D7018-052F-4882-9A75-9B65AE4803CF}.AppStore|iPhoneSimulator.Build.0 = Debug|Any CPU
		{AC5D7018-052F-4882-9A75-9B65AE4803CF}.AppStore|iPhoneSimulator.Deploy.0 = Debug|Any CPU
		{AC5D7018-052F-4882-9A75-9B65AE4803CF}.AppStore|x64.ActiveCfg = Debug|Any CPU
		{AC5D7018-052F-4882-9A75-9B65AE4803CF}.AppStore|x64.Build.0 = Debug|Any CPU
		{AC5D7018-052F-4882-9A75-9B65AE4803CF}.AppStore|x64.Deploy.0 = Debug|Any CPU
		{AC5D7018-052F-4882-9A75-9B65AE4803CF}.AppStore|x86.ActiveCfg = Debug|Any CPU
		{AC5D7018-052F-4882-9A75-9B65AE4803CF}.AppStore|x86.Build.0 = Debug|Any CPU
		{AC5D7018-052F-4882-9A75-9B65AE4803CF}.AppStore|x86.Deploy.0 = Debug|Any CPU
		{AC5D7018-052F-4882-9A75-9B65AE4803CF}.Debug|Any CPU.ActiveCfg = Debug|Any CPU
		{AC5D7018-052F-4882-9A75-9B65AE4803CF}.Debug|Any CPU.Build.0 = Debug|Any CPU
		{AC5D7018-052F-4882-9A75-9B65AE4803CF}.Debug|Any CPU.Deploy.0 = Debug|Any CPU
		{AC5D7018-052F-4882-9A75-9B65AE4803CF}.Debug|ARM.ActiveCfg = Debug|Any CPU
		{AC5D7018-052F-4882-9A75-9B65AE4803CF}.Debug|ARM.Build.0 = Debug|Any CPU
		{AC5D7018-052F-4882-9A75-9B65AE4803CF}.Debug|ARM.Deploy.0 = Debug|Any CPU
		{AC5D7018-052F-4882-9A75-9B65AE4803CF}.Debug|iPhone.ActiveCfg = Debug|Any CPU
		{AC5D7018-052F-4882-9A75-9B65AE4803CF}.Debug|iPhone.Build.0 = Debug|Any CPU
		{AC5D7018-052F-4882-9A75-9B65AE4803CF}.Debug|iPhone.Deploy.0 = Debug|Any CPU
		{AC5D7018-052F-4882-9A75-9B65AE4803CF}.Debug|iPhoneSimulator.ActiveCfg = Debug|Any CPU
		{AC5D7018-052F-4882-9A75-9B65AE4803CF}.Debug|iPhoneSimulator.Build.0 = Debug|Any CPU
		{AC5D7018-052F-4882-9A75-9B65AE4803CF}.Debug|iPhoneSimulator.Deploy.0 = Debug|Any CPU
		{AC5D7018-052F-4882-9A75-9B65AE4803CF}.Debug|x64.ActiveCfg = Debug|Any CPU
		{AC5D7018-052F-4882-9A75-9B65AE4803CF}.Debug|x64.Build.0 = Debug|Any CPU
		{AC5D7018-052F-4882-9A75-9B65AE4803CF}.Debug|x64.Deploy.0 = Debug|Any CPU
		{AC5D7018-052F-4882-9A75-9B65AE4803CF}.Debug|x86.ActiveCfg = Debug|Any CPU
		{AC5D7018-052F-4882-9A75-9B65AE4803CF}.Debug|x86.Build.0 = Debug|Any CPU
		{AC5D7018-052F-4882-9A75-9B65AE4803CF}.Debug|x86.Deploy.0 = Debug|Any CPU
		{AC5D7018-052F-4882-9A75-9B65AE4803CF}.Release|Any CPU.ActiveCfg = Release|Any CPU
		{AC5D7018-052F-4882-9A75-9B65AE4803CF}.Release|Any CPU.Build.0 = Release|Any CPU
		{AC5D7018-052F-4882-9A75-9B65AE4803CF}.Release|Any CPU.Deploy.0 = Release|Any CPU
		{AC5D7018-052F-4882-9A75-9B65AE4803CF}.Release|ARM.ActiveCfg = Release|Any CPU
		{AC5D7018-052F-4882-9A75-9B65AE4803CF}.Release|ARM.Build.0 = Release|Any CPU
		{AC5D7018-052F-4882-9A75-9B65AE4803CF}.Release|ARM.Deploy.0 = Release|Any CPU
		{AC5D7018-052F-4882-9A75-9B65AE4803CF}.Release|iPhone.ActiveCfg = Release|Any CPU
		{AC5D7018-052F-4882-9A75-9B65AE4803CF}.Release|iPhone.Build.0 = Release|Any CPU
		{AC5D7018-052F-4882-9A75-9B65AE4803CF}.Release|iPhone.Deploy.0 = Release|Any CPU
		{AC5D7018-052F-4882-9A75-9B65AE4803CF}.Release|iPhoneSimulator.ActiveCfg = Release|Any CPU
		{AC5D7018-052F-4882-9A75-9B65AE4803CF}.Release|iPhoneSimulator.Build.0 = Release|Any CPU
		{AC5D7018-052F-4882-9A75-9B65AE4803CF}.Release|iPhoneSimulator.Deploy.0 = Release|Any CPU
		{AC5D7018-052F-4882-9A75-9B65AE4803CF}.Release|x64.ActiveCfg = Release|Any CPU
		{AC5D7018-052F-4882-9A75-9B65AE4803CF}.Release|x64.Build.0 = Release|Any CPU
		{AC5D7018-052F-4882-9A75-9B65AE4803CF}.Release|x64.Deploy.0 = Release|Any CPU
		{AC5D7018-052F-4882-9A75-9B65AE4803CF}.Release|x86.ActiveCfg = Release|Any CPU
		{AC5D7018-052F-4882-9A75-9B65AE4803CF}.Release|x86.Build.0 = Release|Any CPU
		{AC5D7018-052F-4882-9A75-9B65AE4803CF}.Release|x86.Deploy.0 = Release|Any CPU
	EndGlobalSection
	GlobalSection(SolutionProperties) = preSolution
		HideSolutionNode = FALSE
	EndGlobalSection
	GlobalSection(ExtensibilityGlobals) = postSolution
		SolutionGuid = {92FE88C3-AA92-47A3-8AE7-A577015119CD}
	EndGlobalSection
EndGlobal
